
Microsoft Visual Studio Solution File, Format Version 12.00
# Visual Studio 2013
VisualStudioVersion = 12.0.31101.0
MinimumVisualStudioVersion = 10.0.40219.1
Project("{FAE04EC0-301F-11D3-BF4B-00C04F79EFBC}") = "Leap", "Leap\Leap.csproj", "{128A0BD0-E339-4D88-8B15-07940191013D}"
EndProject
Project("{2150E333-8FDC-42A3-9474-1A3956D46DE8}") = ".nuget", ".nuget", "{F4A8AE64-8B64-436B-B5C7-84A842F6B49B}"
	ProjectSection(SolutionItems) = preProject
		.nuget\packages.config = .nuget\packages.config
	EndProjectSection
EndProject
Project("{FAE04EC0-301F-11D3-BF4B-00C04F79EFBC}") = "Bob", "Bob\Bob.csproj", "{C3D76CB2-6738-47C5-8B08-DD890CE73113}"
EndProject
Global
	GlobalSection(SolutionConfigurationPlatforms) = preSolution
		Debug|Any CPU = Debug|Any CPU
		Release|Any CPU = Release|Any CPU
	EndGlobalSection
	GlobalSection(ProjectConfigurationPlatforms) = postSolution
		{128A0BD0-E339-4D88-8B15-07940191013D}.Debug|Any CPU.ActiveCfg = Debug|Any CPU
		{128A0BD0-E339-4D88-8B15-07940191013D}.Debug|Any CPU.Build.0 = Debug|Any CPU
		{128A0BD0-E339-4D88-8B15-07940191013D}.Release|Any CPU.ActiveCfg = Release|Any CPU
		{128A0BD0-E339-4D88-8B15-07940191013D}.Release|Any CPU.Build.0 = Release|Any CPU
		{C3D76CB2-6738-47C5-8B08-DD890CE73113}.Debug|Any CPU.ActiveCfg = Debug|Any CPU
		{C3D76CB2-6738-47C5-8B08-DD890CE73113}.Debug|Any CPU.Build.0 = Debug|Any CPU
		{C3D76CB2-6738-47C5-8B08-DD890CE73113}.Release|Any CPU.ActiveCfg = Release|Any CPU
		{C3D76CB2-6738-47C5-8B08-DD890CE73113}.Release|Any CPU.Build.0 = Release|Any CPU
	EndGlobalSection
	GlobalSection(SolutionProperties) = preSolution
		HideSolutionNode = FALSE
	EndGlobalSection
EndGlobal
